// !$*UTF8*$!
{
	archiveVersion = 1;
	classes = {
	};
	objectVersion = 46;
	objects = {

/* Begin PBXBuildFile section */
		57164A0C194DC2C40083FA03 /* NSMutableArray+GNESectionedTableView.m in Sources */ = {isa = PBXBuildFile; fileRef = 57164A0B194DC2C40083FA03 /* NSMutableArray+GNESectionedTableView.m */; };
		57164A0D194DC2C40083FA03 /* NSMutableArray+GNESectionedTableView.m in Sources */ = {isa = PBXBuildFile; fileRef = 57164A0B194DC2C40083FA03 /* NSMutableArray+GNESectionedTableView.m */; };
		572E26D51945676B000F4656 /* NSIndexPath+GNESectionedTableView.m in Sources */ = {isa = PBXBuildFile; fileRef = 572E26C91945676B000F4656 /* NSIndexPath+GNESectionedTableView.m */; };
		572E26D61945676B000F4656 /* NSIndexPath+GNESectionedTableView.m in Sources */ = {isa = PBXBuildFile; fileRef = 572E26C91945676B000F4656 /* NSIndexPath+GNESectionedTableView.m */; };
		572E26D71945676B000F4656 /* NSOutlineView+GNE_Additions.m in Sources */ = {isa = PBXBuildFile; fileRef = 572E26CC1945676B000F4656 /* NSOutlineView+GNE_Additions.m */; };
		572E26D81945676B000F4656 /* NSOutlineView+GNE_Additions.m in Sources */ = {isa = PBXBuildFile; fileRef = 572E26CC1945676B000F4656 /* NSOutlineView+GNE_Additions.m */; };
		572E26D91945676B000F4656 /* GNEOutlineViewItem.m in Sources */ = {isa = PBXBuildFile; fileRef = 572E26CF1945676B000F4656 /* GNEOutlineViewItem.m */; };
		572E26DA1945676B000F4656 /* GNEOutlineViewItem.m in Sources */ = {isa = PBXBuildFile; fileRef = 572E26CF1945676B000F4656 /* GNEOutlineViewItem.m */; };
		572E26DB1945676B000F4656 /* GNEOutlineViewParentItem.m in Sources */ = {isa = PBXBuildFile; fileRef = 572E26D11945676B000F4656 /* GNEOutlineViewParentItem.m */; };
		572E26DC1945676B000F4656 /* GNEOutlineViewParentItem.m in Sources */ = {isa = PBXBuildFile; fileRef = 572E26D11945676B000F4656 /* GNEOutlineViewParentItem.m */; };
		572E26DD1945676B000F4656 /* GNESectionedTableView.m in Sources */ = {isa = PBXBuildFile; fileRef = 572E26D41945676B000F4656 /* GNESectionedTableView.m */; };
		572E26DE1945676B000F4656 /* GNESectionedTableView.m in Sources */ = {isa = PBXBuildFile; fileRef = 572E26D41945676B000F4656 /* GNESectionedTableView.m */; };
		572E26EA1945683A000F4656 /* GNETableViewController.m in Sources */ = {isa = PBXBuildFile; fileRef = 572E26E91945683A000F4656 /* GNETableViewController.m */; };
		572E26EB1945683A000F4656 /* GNETableViewController.m in Sources */ = {isa = PBXBuildFile; fileRef = 572E26E91945683A000F4656 /* GNETableViewController.m */; };
		572E26EE1945684F000F4656 /* GNETableViewDataSource.m in Sources */ = {isa = PBXBuildFile; fileRef = 572E26ED1945684F000F4656 /* GNETableViewDataSource.m */; };
		572E26EF1945684F000F4656 /* GNETableViewDataSource.m in Sources */ = {isa = PBXBuildFile; fileRef = 572E26ED1945684F000F4656 /* GNETableViewDataSource.m */; };
		5742D9EA1946C0ED004D2BE2 /* GNEHeaderCellView.m in Sources */ = {isa = PBXBuildFile; fileRef = 5742D9E91946C0ED004D2BE2 /* GNEHeaderCellView.m */; };
		5742D9EB1946C0ED004D2BE2 /* GNEHeaderCellView.m in Sources */ = {isa = PBXBuildFile; fileRef = 5742D9E91946C0ED004D2BE2 /* GNEHeaderCellView.m */; };
		574F693819462CCA00825F43 /* QuartzCore.framework in Frameworks */ = {isa = PBXBuildFile; fileRef = 574F693719462CCA00825F43 /* QuartzCore.framework */; };
		578E75791934B69E00333D86 /* Cocoa.framework in Frameworks */ = {isa = PBXBuildFile; fileRef = 578E75781934B69E00333D86 /* Cocoa.framework */; };
		578E75831934B69E00333D86 /* InfoPlist.strings in Resources */ = {isa = PBXBuildFile; fileRef = 578E75811934B69E00333D86 /* InfoPlist.strings */; };
		578E75851934B69E00333D86 /* main.m in Sources */ = {isa = PBXBuildFile; fileRef = 578E75841934B69E00333D86 /* main.m */; };
		578E75891934B69E00333D86 /* Credits.rtf in Resources */ = {isa = PBXBuildFile; fileRef = 578E75871934B69E00333D86 /* Credits.rtf */; };
		578E758F1934B69E00333D86 /* MainMenu.xib in Resources */ = {isa = PBXBuildFile; fileRef = 578E758D1934B69E00333D86 /* MainMenu.xib */; };
		578E75911934B69E00333D86 /* Images.xcassets in Resources */ = {isa = PBXBuildFile; fileRef = 578E75901934B69E00333D86 /* Images.xcassets */; };
		578E75981934B69E00333D86 /* XCTest.framework in Frameworks */ = {isa = PBXBuildFile; fileRef = 578E75971934B69E00333D86 /* XCTest.framework */; };
		578E75991934B69E00333D86 /* Cocoa.framework in Frameworks */ = {isa = PBXBuildFile; fileRef = 578E75781934B69E00333D86 /* Cocoa.framework */; };
		578E75A11934B69E00333D86 /* InfoPlist.strings in Resources */ = {isa = PBXBuildFile; fileRef = 578E759F1934B69E00333D86 /* InfoPlist.strings */; };
		578E75A31934B69E00333D86 /* GNESectionedTableViewTests.m in Sources */ = {isa = PBXBuildFile; fileRef = 578E75A21934B69E00333D86 /* GNESectionedTableViewTests.m */; };
		578E75B61934BC1D00333D86 /* GNEAppDelegate.m in Sources */ = {isa = PBXBuildFile; fileRef = 578E75B21934BC1D00333D86 /* GNEAppDelegate.m */; };
		578E75B71934BC1D00333D86 /* GNEAppDelegate.m in Sources */ = {isa = PBXBuildFile; fileRef = 578E75B21934BC1D00333D86 /* GNEAppDelegate.m */; };
		57A128B8194574C200B72A49 /* GNETableCellView.m in Sources */ = {isa = PBXBuildFile; fileRef = 57A128B7194574C200B72A49 /* GNETableCellView.m */; };
		57A128B9194574C200B72A49 /* GNETableCellView.m in Sources */ = {isa = PBXBuildFile; fileRef = 57A128B7194574C200B72A49 /* GNETableCellView.m */; };
/* End PBXBuildFile section */

/* Begin PBXContainerItemProxy section */
		578E759A1934B69E00333D86 /* PBXContainerItemProxy */ = {
			isa = PBXContainerItemProxy;
			containerPortal = 578E756D1934B69E00333D86 /* Project object */;
			proxyType = 1;
			remoteGlobalIDString = 578E75741934B69E00333D86;
			remoteInfo = GNESectionedTableView;
		};
/* End PBXContainerItemProxy section */

/* Begin PBXFileReference section */
		57164A0A194DC2C40083FA03 /* NSMutableArray+GNESectionedTableView.h */ = {isa = PBXFileReference; fileEncoding = 4; lastKnownFileType = sourcecode.c.h; path = "NSMutableArray+GNESectionedTableView.h"; sourceTree = "<group>"; };
		57164A0B194DC2C40083FA03 /* NSMutableArray+GNESectionedTableView.m */ = {isa = PBXFileReference; fileEncoding = 4; lastKnownFileType = sourcecode.c.objc; path = "NSMutableArray+GNESectionedTableView.m"; sourceTree = "<group>"; };
		572E26C81945676B000F4656 /* NSIndexPath+GNESectionedTableView.h */ = {isa = PBXFileReference; fileEncoding = 4; lastKnownFileType = sourcecode.c.h; path = "NSIndexPath+GNESectionedTableView.h"; sourceTree = "<group>"; };
		572E26C91945676B000F4656 /* NSIndexPath+GNESectionedTableView.m */ = {isa = PBXFileReference; fileEncoding = 4; lastKnownFileType = sourcecode.c.objc; path = "NSIndexPath+GNESectionedTableView.m"; sourceTree = "<group>"; };
		572E26CB1945676B000F4656 /* NSOutlineView+GNE_Additions.h */ = {isa = PBXFileReference; fileEncoding = 4; lastKnownFileType = sourcecode.c.h; path = "NSOutlineView+GNE_Additions.h"; sourceTree = "<group>"; };
		572E26CC1945676B000F4656 /* NSOutlineView+GNE_Additions.m */ = {isa = PBXFileReference; fileEncoding = 4; lastKnownFileType = sourcecode.c.objc; path = "NSOutlineView+GNE_Additions.m"; sourceTree = "<group>"; };
		572E26CE1945676B000F4656 /* GNEOutlineViewItem.h */ = {isa = PBXFileReference; fileEncoding = 4; lastKnownFileType = sourcecode.c.h; path = GNEOutlineViewItem.h; sourceTree = "<group>"; };
		572E26CF1945676B000F4656 /* GNEOutlineViewItem.m */ = {isa = PBXFileReference; fileEncoding = 4; lastKnownFileType = sourcecode.c.objc; path = GNEOutlineViewItem.m; sourceTree = "<group>"; };
		572E26D01945676B000F4656 /* GNEOutlineViewParentItem.h */ = {isa = PBXFileReference; fileEncoding = 4; lastKnownFileType = sourcecode.c.h; path = GNEOutlineViewParentItem.h; sourceTree = "<group>"; };
		572E26D11945676B000F4656 /* GNEOutlineViewParentItem.m */ = {isa = PBXFileReference; fileEncoding = 4; lastKnownFileType = sourcecode.c.objc; path = GNEOutlineViewParentItem.m; sourceTree = "<group>"; };
		572E26D31945676B000F4656 /* GNESectionedTableView.h */ = {isa = PBXFileReference; fileEncoding = 4; lastKnownFileType = sourcecode.c.h; path = GNESectionedTableView.h; sourceTree = "<group>"; };
		572E26D41945676B000F4656 /* GNESectionedTableView.m */ = {isa = PBXFileReference; fileEncoding = 4; lastKnownFileType = sourcecode.c.objc; path = GNESectionedTableView.m; sourceTree = "<group>"; };
		572E26E81945683A000F4656 /* GNETableViewController.h */ = {isa = PBXFileReference; fileEncoding = 4; lastKnownFileType = sourcecode.c.h; path = GNETableViewController.h; sourceTree = "<group>"; };
		572E26E91945683A000F4656 /* GNETableViewController.m */ = {isa = PBXFileReference; fileEncoding = 4; lastKnownFileType = sourcecode.c.objc; path = GNETableViewController.m; sourceTree = "<group>"; };
		572E26EC1945684F000F4656 /* GNETableViewDataSource.h */ = {isa = PBXFileReference; fileEncoding = 4; lastKnownFileType = sourcecode.c.h; path = GNETableViewDataSource.h; sourceTree = "<group>"; };
		572E26ED1945684F000F4656 /* GNETableViewDataSource.m */ = {isa = PBXFileReference; fileEncoding = 4; lastKnownFileType = sourcecode.c.objc; path = GNETableViewDataSource.m; sourceTree = "<group>"; };
		5742D9E81946C0ED004D2BE2 /* GNEHeaderCellView.h */ = {isa = PBXFileReference; fileEncoding = 4; lastKnownFileType = sourcecode.c.h; path = GNEHeaderCellView.h; sourceTree = "<group>"; };
		5742D9E91946C0ED004D2BE2 /* GNEHeaderCellView.m */ = {isa = PBXFileReference; fileEncoding = 4; lastKnownFileType = sourcecode.c.objc; path = GNEHeaderCellView.m; sourceTree = "<group>"; };
		574F693719462CCA00825F43 /* QuartzCore.framework */ = {isa = PBXFileReference; lastKnownFileType = wrapper.framework; name = QuartzCore.framework; path = System/Library/Frameworks/QuartzCore.framework; sourceTree = SDKROOT; };
		578E75751934B69E00333D86 /* GNESectionedTableView.app */ = {isa = PBXFileReference; explicitFileType = wrapper.application; includeInIndex = 0; path = GNESectionedTableView.app; sourceTree = BUILT_PRODUCTS_DIR; };
		578E75781934B69E00333D86 /* Cocoa.framework */ = {isa = PBXFileReference; lastKnownFileType = wrapper.framework; name = Cocoa.framework; path = System/Library/Frameworks/Cocoa.framework; sourceTree = SDKROOT; };
		578E757B1934B69E00333D86 /* AppKit.framework */ = {isa = PBXFileReference; lastKnownFileType = wrapper.framework; name = AppKit.framework; path = System/Library/Frameworks/AppKit.framework; sourceTree = SDKROOT; };
		578E757C1934B69E00333D86 /* CoreData.framework */ = {isa = PBXFileReference; lastKnownFileType = wrapper.framework; name = CoreData.framework; path = System/Library/Frameworks/CoreData.framework; sourceTree = SDKROOT; };
		578E757D1934B69E00333D86 /* Foundation.framework */ = {isa = PBXFileReference; lastKnownFileType = wrapper.framework; name = Foundation.framework; path = System/Library/Frameworks/Foundation.framework; sourceTree = SDKROOT; };
		578E75801934B69E00333D86 /* GNESectionedTableView-Info.plist */ = {isa = PBXFileReference; lastKnownFileType = text.plist.xml; path = "GNESectionedTableView-Info.plist"; sourceTree = "<group>"; };
		578E75821934B69E00333D86 /* en */ = {isa = PBXFileReference; lastKnownFileType = text.plist.strings; name = en; path = en.lproj/InfoPlist.strings; sourceTree = "<group>"; };
		578E75841934B69E00333D86 /* main.m */ = {isa = PBXFileReference; lastKnownFileType = sourcecode.c.objc; path = main.m; sourceTree = "<group>"; };
		578E75861934B69E00333D86 /* GNESectionedTableView-Prefix.pch */ = {isa = PBXFileReference; lastKnownFileType = sourcecode.c.h; path = "GNESectionedTableView-Prefix.pch"; sourceTree = "<group>"; };
		578E75881934B69E00333D86 /* en */ = {isa = PBXFileReference; lastKnownFileType = text.rtf; name = en; path = en.lproj/Credits.rtf; sourceTree = "<group>"; };
		578E758E1934B69E00333D86 /* Base */ = {isa = PBXFileReference; lastKnownFileType = file.xib; name = Base; path = Base.lproj/MainMenu.xib; sourceTree = "<group>"; };
		578E75901934B69E00333D86 /* Images.xcassets */ = {isa = PBXFileReference; lastKnownFileType = folder.assetcatalog; path = Images.xcassets; sourceTree = "<group>"; };
		578E75961934B69E00333D86 /* GNESectionedTableViewTests.xctest */ = {isa = PBXFileReference; explicitFileType = wrapper.cfbundle; includeInIndex = 0; path = GNESectionedTableViewTests.xctest; sourceTree = BUILT_PRODUCTS_DIR; };
		578E75971934B69E00333D86 /* XCTest.framework */ = {isa = PBXFileReference; lastKnownFileType = wrapper.framework; name = XCTest.framework; path = Library/Frameworks/XCTest.framework; sourceTree = DEVELOPER_DIR; };
		578E759E1934B69E00333D86 /* GNESectionedTableViewTests-Info.plist */ = {isa = PBXFileReference; lastKnownFileType = text.plist.xml; path = "GNESectionedTableViewTests-Info.plist"; sourceTree = "<group>"; };
		578E75A01934B69E00333D86 /* en */ = {isa = PBXFileReference; lastKnownFileType = text.plist.strings; name = en; path = en.lproj/InfoPlist.strings; sourceTree = "<group>"; };
		578E75A21934B69E00333D86 /* GNESectionedTableViewTests.m */ = {isa = PBXFileReference; lastKnownFileType = sourcecode.c.objc; path = GNESectionedTableViewTests.m; sourceTree = "<group>"; };
		578E75B11934BC1D00333D86 /* GNEAppDelegate.h */ = {isa = PBXFileReference; fileEncoding = 4; lastKnownFileType = sourcecode.c.h; path = GNEAppDelegate.h; sourceTree = "<group>"; };
		578E75B21934BC1D00333D86 /* GNEAppDelegate.m */ = {isa = PBXFileReference; fileEncoding = 4; lastKnownFileType = sourcecode.c.objc; path = GNEAppDelegate.m; sourceTree = "<group>"; };
		57A128B6194574C200B72A49 /* GNETableCellView.h */ = {isa = PBXFileReference; fileEncoding = 4; lastKnownFileType = sourcecode.c.h; path = GNETableCellView.h; sourceTree = "<group>"; };
		57A128B7194574C200B72A49 /* GNETableCellView.m */ = {isa = PBXFileReference; fileEncoding = 4; lastKnownFileType = sourcecode.c.objc; path = GNETableCellView.m; sourceTree = "<group>"; };
/* End PBXFileReference section */

/* Begin PBXFrameworksBuildPhase section */
		578E75721934B69E00333D86 /* Frameworks */ = {
			isa = PBXFrameworksBuildPhase;
			buildActionMask = 2147483647;
			files = (
				574F693819462CCA00825F43 /* QuartzCore.framework in Frameworks */,
				578E75791934B69E00333D86 /* Cocoa.framework in Frameworks */,
			);
			runOnlyForDeploymentPostprocessing = 0;
		};
		578E75931934B69E00333D86 /* Frameworks */ = {
			isa = PBXFrameworksBuildPhase;
			buildActionMask = 2147483647;
			files = (
				578E75991934B69E00333D86 /* Cocoa.framework in Frameworks */,
				578E75981934B69E00333D86 /* XCTest.framework in Frameworks */,
			);
			runOnlyForDeploymentPostprocessing = 0;
		};
/* End PBXFrameworksBuildPhase section */

/* Begin PBXGroup section */
		57164A09194DC2970083FA03 /* NSArray */ = {
			isa = PBXGroup;
			children = (
				57164A0A194DC2C40083FA03 /* NSMutableArray+GNESectionedTableView.h */,
				57164A0B194DC2C40083FA03 /* NSMutableArray+GNESectionedTableView.m */,
			);
			path = NSArray;
			sourceTree = "<group>";
		};
		572E26C51945676B000F4656 /* Sectioned Table View */ = {
			isa = PBXGroup;
			children = (
				572E26C61945676B000F4656 /* Cocoa Categories */,
				572E26CD1945676B000F4656 /* Outline View Items */,
				572E26D21945676B000F4656 /* Views */,
			);
			path = "Sectioned Table View";
			sourceTree = "<group>";
		};
		572E26C61945676B000F4656 /* Cocoa Categories */ = {
			isa = PBXGroup;
			children = (
				57164A09194DC2970083FA03 /* NSArray */,
				572E26C71945676B000F4656 /* NSIndexPath */,
				572E26CA1945676B000F4656 /* NSOutlineView */,
			);
			path = "Cocoa Categories";
			sourceTree = "<group>";
		};
		572E26C71945676B000F4656 /* NSIndexPath */ = {
			isa = PBXGroup;
			children = (
				572E26C81945676B000F4656 /* NSIndexPath+GNESectionedTableView.h */,
				572E26C91945676B000F4656 /* NSIndexPath+GNESectionedTableView.m */,
			);
			path = NSIndexPath;
			sourceTree = "<group>";
		};
		572E26CA1945676B000F4656 /* NSOutlineView */ = {
			isa = PBXGroup;
			children = (
				572E26CB1945676B000F4656 /* NSOutlineView+GNE_Additions.h */,
				572E26CC1945676B000F4656 /* NSOutlineView+GNE_Additions.m */,
			);
			path = NSOutlineView;
			sourceTree = "<group>";
		};
		572E26CD1945676B000F4656 /* Outline View Items */ = {
			isa = PBXGroup;
			children = (
				572E26CE1945676B000F4656 /* GNEOutlineViewItem.h */,
				572E26CF1945676B000F4656 /* GNEOutlineViewItem.m */,
				572E26D01945676B000F4656 /* GNEOutlineViewParentItem.h */,
				572E26D11945676B000F4656 /* GNEOutlineViewParentItem.m */,
			);
			path = "Outline View Items";
			sourceTree = "<group>";
		};
		572E26D21945676B000F4656 /* Views */ = {
			isa = PBXGroup;
			children = (
				572E26D31945676B000F4656 /* GNESectionedTableView.h */,
				572E26D41945676B000F4656 /* GNESectionedTableView.m */,
			);
			path = Views;
			sourceTree = "<group>";
		};
		572E26DF194567B6000F4656 /* Sample Project */ = {
			isa = PBXGroup;
			children = (
				572E26E0194567D0000F4656 /* Data Sources */,
				572E26E619456822000F4656 /* View Controllers */,
				572E26E719456822000F4656 /* Views */,
			);
			path = "Sample Project";
			sourceTree = "<group>";
		};
		572E26E0194567D0000F4656 /* Data Sources */ = {
			isa = PBXGroup;
			children = (
				572E26EC1945684F000F4656 /* GNETableViewDataSource.h */,
				572E26ED1945684F000F4656 /* GNETableViewDataSource.m */,
			);
			path = "Data Sources";
			sourceTree = "<group>";
		};
		572E26E619456822000F4656 /* View Controllers */ = {
			isa = PBXGroup;
			children = (
				572E26E81945683A000F4656 /* GNETableViewController.h */,
				572E26E91945683A000F4656 /* GNETableViewController.m */,
			);
			path = "View Controllers";
			sourceTree = "<group>";
		};
		572E26E719456822000F4656 /* Views */ = {
			isa = PBXGroup;
			children = (
				57A128B6194574C200B72A49 /* GNETableCellView.h */,
				57A128B7194574C200B72A49 /* GNETableCellView.m */,
				5742D9E81946C0ED004D2BE2 /* GNEHeaderCellView.h */,
				5742D9E91946C0ED004D2BE2 /* GNEHeaderCellView.m */,
			);
			path = Views;
			sourceTree = "<group>";
		};
		578E756C1934B69E00333D86 = {
			isa = PBXGroup;
			children = (
				578E757E1934B69E00333D86 /* GNESectionedTableView */,
				578E759C1934B69E00333D86 /* GNESectionedTableViewTests */,
				578E75771934B69E00333D86 /* Frameworks */,
				578E75761934B69E00333D86 /* Products */,
			);
			sourceTree = "<group>";
		};
		578E75761934B69E00333D86 /* Products */ = {
			isa = PBXGroup;
			children = (
				578E75751934B69E00333D86 /* GNESectionedTableView.app */,
				578E75961934B69E00333D86 /* GNESectionedTableViewTests.xctest */,
			);
			name = Products;
			sourceTree = "<group>";
		};
		578E75771934B69E00333D86 /* Frameworks */ = {
			isa = PBXGroup;
			children = (
				574F693719462CCA00825F43 /* QuartzCore.framework */,
				578E75781934B69E00333D86 /* Cocoa.framework */,
				578E75971934B69E00333D86 /* XCTest.framework */,
				578E757A1934B69E00333D86 /* Other Frameworks */,
			);
			name = Frameworks;
			sourceTree = "<group>";
		};
		578E757A1934B69E00333D86 /* Other Frameworks */ = {
			isa = PBXGroup;
			children = (
				578E757B1934B69E00333D86 /* AppKit.framework */,
				578E757C1934B69E00333D86 /* CoreData.framework */,
				578E757D1934B69E00333D86 /* Foundation.framework */,
			);
			name = "Other Frameworks";
			sourceTree = "<group>";
		};
		578E757E1934B69E00333D86 /* GNESectionedTableView */ = {
			isa = PBXGroup;
			children = (
				578E75B01934BC1D00333D86 /* Classes */,
				578E758D1934B69E00333D86 /* MainMenu.xib */,
				578E75901934B69E00333D86 /* Images.xcassets */,
				578E757F1934B69E00333D86 /* Supporting Files */,
			);
			path = GNESectionedTableView;
			sourceTree = "<group>";
		};
		578E757F1934B69E00333D86 /* Supporting Files */ = {
			isa = PBXGroup;
			children = (
				578E75801934B69E00333D86 /* GNESectionedTableView-Info.plist */,
				578E75811934B69E00333D86 /* InfoPlist.strings */,
				578E75841934B69E00333D86 /* main.m */,
				578E75861934B69E00333D86 /* GNESectionedTableView-Prefix.pch */,
				578E75871934B69E00333D86 /* Credits.rtf */,
			);
			name = "Supporting Files";
			sourceTree = "<group>";
		};
		578E759C1934B69E00333D86 /* GNESectionedTableViewTests */ = {
			isa = PBXGroup;
			children = (
				578E75A21934B69E00333D86 /* GNESectionedTableViewTests.m */,
				578E759D1934B69E00333D86 /* Supporting Files */,
			);
			path = GNESectionedTableViewTests;
			sourceTree = "<group>";
		};
		578E759D1934B69E00333D86 /* Supporting Files */ = {
			isa = PBXGroup;
			children = (
				578E759E1934B69E00333D86 /* GNESectionedTableViewTests-Info.plist */,
				578E759F1934B69E00333D86 /* InfoPlist.strings */,
			);
			name = "Supporting Files";
			sourceTree = "<group>";
		};
		578E75B01934BC1D00333D86 /* Classes */ = {
			isa = PBXGroup;
			children = (
				572E26DF194567B6000F4656 /* Sample Project */,
				572E26C51945676B000F4656 /* Sectioned Table View */,
				578E75B11934BC1D00333D86 /* GNEAppDelegate.h */,
				578E75B21934BC1D00333D86 /* GNEAppDelegate.m */,
			);
			path = Classes;
			sourceTree = "<group>";
		};
/* End PBXGroup section */

/* Begin PBXNativeTarget section */
		578E75741934B69E00333D86 /* GNESectionedTableView */ = {
			isa = PBXNativeTarget;
			buildConfigurationList = 578E75A61934B69E00333D86 /* Build configuration list for PBXNativeTarget "GNESectionedTableView" */;
			buildPhases = (
				578E75711934B69E00333D86 /* Sources */,
				578E75721934B69E00333D86 /* Frameworks */,
				578E75731934B69E00333D86 /* Resources */,
			);
			buildRules = (
			);
			dependencies = (
			);
			name = GNESectionedTableView;
			productName = GNESectionedTableView;
			productReference = 578E75751934B69E00333D86 /* GNESectionedTableView.app */;
			productType = "com.apple.product-type.application";
		};
		578E75951934B69E00333D86 /* GNESectionedTableViewTests */ = {
			isa = PBXNativeTarget;
			buildConfigurationList = 578E75A91934B69E00333D86 /* Build configuration list for PBXNativeTarget "GNESectionedTableViewTests" */;
			buildPhases = (
				578E75921934B69E00333D86 /* Sources */,
				578E75931934B69E00333D86 /* Frameworks */,
				578E75941934B69E00333D86 /* Resources */,
			);
			buildRules = (
			);
			dependencies = (
				578E759B1934B69E00333D86 /* PBXTargetDependency */,
			);
			name = GNESectionedTableViewTests;
			productName = GNESectionedTableViewTests;
			productReference = 578E75961934B69E00333D86 /* GNESectionedTableViewTests.xctest */;
			productType = "com.apple.product-type.bundle.unit-test";
		};
/* End PBXNativeTarget section */

/* Begin PBXProject section */
		578E756D1934B69E00333D86 /* Project object */ = {
			isa = PBXProject;
			attributes = {
				CLASSPREFIX = GNE;
				LastUpgradeCheck = 0510;
				ORGANIZATIONNAME = "Gone East LLC";
				TargetAttributes = {
					578E75951934B69E00333D86 = {
						TestTargetID = 578E75741934B69E00333D86;
					};
				};
			};
			buildConfigurationList = 578E75701934B69E00333D86 /* Build configuration list for PBXProject "GNESectionedTableView" */;
			compatibilityVersion = "Xcode 3.2";
			developmentRegion = English;
			hasScannedForEncodings = 0;
			knownRegions = (
				en,
				Base,
			);
			mainGroup = 578E756C1934B69E00333D86;
			productRefGroup = 578E75761934B69E00333D86 /* Products */;
			projectDirPath = "";
			projectRoot = "";
			targets = (
				578E75741934B69E00333D86 /* GNESectionedTableView */,
				578E75951934B69E00333D86 /* GNESectionedTableViewTests */,
			);
		};
/* End PBXProject section */

/* Begin PBXResourcesBuildPhase section */
		578E75731934B69E00333D86 /* Resources */ = {
			isa = PBXResourcesBuildPhase;
			buildActionMask = 2147483647;
			files = (
				578E75831934B69E00333D86 /* InfoPlist.strings in Resources */,
				578E75911934B69E00333D86 /* Images.xcassets in Resources */,
				578E75891934B69E00333D86 /* Credits.rtf in Resources */,
				578E758F1934B69E00333D86 /* MainMenu.xib in Resources */,
			);
			runOnlyForDeploymentPostprocessing = 0;
		};
		578E75941934B69E00333D86 /* Resources */ = {
			isa = PBXResourcesBuildPhase;
			buildActionMask = 2147483647;
			files = (
				578E75A11934B69E00333D86 /* InfoPlist.strings in Resources */,
			);
			runOnlyForDeploymentPostprocessing = 0;
		};
/* End PBXResourcesBuildPhase section */

/* Begin PBXSourcesBuildPhase section */
		578E75711934B69E00333D86 /* Sources */ = {
			isa = PBXSourcesBuildPhase;
			buildActionMask = 2147483647;
			files = (
				578E75851934B69E00333D86 /* main.m in Sources */,
				572E26D51945676B000F4656 /* NSIndexPath+GNESectionedTableView.m in Sources */,
				578E75B61934BC1D00333D86 /* GNEAppDelegate.m in Sources */,
				572E26DD1945676B000F4656 /* GNESectionedTableView.m in Sources */,
				572E26EA1945683A000F4656 /* GNETableViewController.m in Sources */,
				572E26EE1945684F000F4656 /* GNETableViewDataSource.m in Sources */,
				57A128B8194574C200B72A49 /* GNETableCellView.m in Sources */,
				572E26D91945676B000F4656 /* GNEOutlineViewItem.m in Sources */,
				57164A0C194DC2C40083FA03 /* NSMutableArray+GNESectionedTableView.m in Sources */,
				572E26D71945676B000F4656 /* NSOutlineView+GNE_Additions.m in Sources */,
				5742D9EA1946C0ED004D2BE2 /* GNEHeaderCellView.m in Sources */,
				572E26DB1945676B000F4656 /* GNEOutlineViewParentItem.m in Sources */,
			);
			runOnlyForDeploymentPostprocessing = 0;
		};
		578E75921934B69E00333D86 /* Sources */ = {
			isa = PBXSourcesBuildPhase;
			buildActionMask = 2147483647;
			files = (
				578E75A31934B69E00333D86 /* GNESectionedTableViewTests.m in Sources */,
				572E26D61945676B000F4656 /* NSIndexPath+GNESectionedTableView.m in Sources */,
				578E75B71934BC1D00333D86 /* GNEAppDelegate.m in Sources */,
				572E26DE1945676B000F4656 /* GNESectionedTableView.m in Sources */,
				572E26EB1945683A000F4656 /* GNETableViewController.m in Sources */,
				572E26EF1945684F000F4656 /* GNETableViewDataSource.m in Sources */,
				57A128B9194574C200B72A49 /* GNETableCellView.m in Sources */,
				572E26DA1945676B000F4656 /* GNEOutlineViewItem.m in Sources */,
				57164A0D194DC2C40083FA03 /* NSMutableArray+GNESectionedTableView.m in Sources */,
				572E26D81945676B000F4656 /* NSOutlineView+GNE_Additions.m in Sources */,
				5742D9EB1946C0ED004D2BE2 /* GNEHeaderCellView.m in Sources */,
				572E26DC1945676B000F4656 /* GNEOutlineViewParentItem.m in Sources */,
			);
			runOnlyForDeploymentPostprocessing = 0;
		};
/* End PBXSourcesBuildPhase section */

/* Begin PBXTargetDependency section */
		578E759B1934B69E00333D86 /* PBXTargetDependency */ = {
			isa = PBXTargetDependency;
			target = 578E75741934B69E00333D86 /* GNESectionedTableView */;
			targetProxy = 578E759A1934B69E00333D86 /* PBXContainerItemProxy */;
		};
/* End PBXTargetDependency section */

/* Begin PBXVariantGroup section */
		578E75811934B69E00333D86 /* InfoPlist.strings */ = {
			isa = PBXVariantGroup;
			children = (
				578E75821934B69E00333D86 /* en */,
			);
			name = InfoPlist.strings;
			sourceTree = "<group>";
		};
		578E75871934B69E00333D86 /* Credits.rtf */ = {
			isa = PBXVariantGroup;
			children = (
				578E75881934B69E00333D86 /* en */,
			);
			name = Credits.rtf;
			sourceTree = "<group>";
		};
		578E758D1934B69E00333D86 /* MainMenu.xib */ = {
			isa = PBXVariantGroup;
			children = (
				578E758E1934B69E00333D86 /* Base */,
			);
			name = MainMenu.xib;
			sourceTree = "<group>";
		};
		578E759F1934B69E00333D86 /* InfoPlist.strings */ = {
			isa = PBXVariantGroup;
			children = (
				578E75A01934B69E00333D86 /* en */,
			);
			name = InfoPlist.strings;
			sourceTree = "<group>";
		};
/* End PBXVariantGroup section */

/* Begin XCBuildConfiguration section */
		578E75A41934B69E00333D86 /* Debug */ = {
			isa = XCBuildConfiguration;
			buildSettings = {
				ALWAYS_SEARCH_USER_PATHS = NO;
				CLANG_CXX_LANGUAGE_STANDARD = "gnu++0x";
				CLANG_CXX_LIBRARY = "libc++";
				CLANG_ENABLE_MODULES = YES;
				CLANG_ENABLE_OBJC_ARC = YES;
				CLANG_WARN_BOOL_CONVERSION = YES;
				CLANG_WARN_CONSTANT_CONVERSION = YES;
				CLANG_WARN_DIRECT_OBJC_ISA_USAGE = YES_ERROR;
				CLANG_WARN_EMPTY_BODY = YES;
				CLANG_WARN_ENUM_CONVERSION = YES;
				CLANG_WARN_INT_CONVERSION = YES;
				CLANG_WARN_OBJC_ROOT_CLASS = YES_ERROR;
				CLANG_WARN__DUPLICATE_METHOD_MATCH = YES;
				COPY_PHASE_STRIP = NO;
				GCC_C_LANGUAGE_STANDARD = gnu99;
				GCC_DYNAMIC_NO_PIC = NO;
				GCC_ENABLE_OBJC_EXCEPTIONS = YES;
				GCC_OPTIMIZATION_LEVEL = 0;
				GCC_PREPROCESSOR_DEFINITIONS = (
					"DEBUG=1",
					"$(inherited)",
				);
				GCC_SYMBOLS_PRIVATE_EXTERN = NO;
				GCC_WARN_64_TO_32_BIT_CONVERSION = YES;
				GCC_WARN_ABOUT_RETURN_TYPE = YES_ERROR;
				GCC_WARN_UNDECLARED_SELECTOR = YES;
				GCC_WARN_UNINITIALIZED_AUTOS = YES_AGGRESSIVE;
				GCC_WARN_UNUSED_FUNCTION = YES;
				GCC_WARN_UNUSED_VARIABLE = YES;
				MACOSX_DEPLOYMENT_TARGET = 10.9;
				ONLY_ACTIVE_ARCH = YES;
				SDKROOT = macosx;
			};
			name = Debug;
		};
		578E75A51934B69E00333D86 /* Release */ = {
			isa = XCBuildConfiguration;
			buildSettings = {
				ALWAYS_SEARCH_USER_PATHS = NO;
				CLANG_CXX_LANGUAGE_STANDARD = "gnu++0x";
				CLANG_CXX_LIBRARY = "libc++";
				CLANG_ENABLE_MODULES = YES;
				CLANG_ENABLE_OBJC_ARC = YES;
				CLANG_WARN_BOOL_CONVERSION = YES;
				CLANG_WARN_CONSTANT_CONVERSION = YES;
				CLANG_WARN_DIRECT_OBJC_ISA_USAGE = YES_ERROR;
				CLANG_WARN_EMPTY_BODY = YES;
				CLANG_WARN_ENUM_CONVERSION = YES;
				CLANG_WARN_INT_CONVERSION = YES;
				CLANG_WARN_OBJC_ROOT_CLASS = YES_ERROR;
				CLANG_WARN__DUPLICATE_METHOD_MATCH = YES;
				COPY_PHASE_STRIP = YES;
				DEBUG_INFORMATION_FORMAT = "dwarf-with-dsym";
				ENABLE_NS_ASSERTIONS = NO;
				GCC_C_LANGUAGE_STANDARD = gnu99;
				GCC_ENABLE_OBJC_EXCEPTIONS = YES;
				GCC_WARN_64_TO_32_BIT_CONVERSION = YES;
				GCC_WARN_ABOUT_RETURN_TYPE = YES_ERROR;
				GCC_WARN_UNDECLARED_SELECTOR = YES;
				GCC_WARN_UNINITIALIZED_AUTOS = YES_AGGRESSIVE;
				GCC_WARN_UNUSED_FUNCTION = YES;
				GCC_WARN_UNUSED_VARIABLE = YES;
				MACOSX_DEPLOYMENT_TARGET = 10.9;
				SDKROOT = macosx;
			};
			name = Release;
		};
		578E75A71934B69E00333D86 /* Debug */ = {
			isa = XCBuildConfiguration;
			buildSettings = {
				ASSETCATALOG_COMPILER_APPICON_NAME = AppIcon;
				CLANG_WARN_DEPRECATED_OBJC_IMPLEMENTATIONS = YES;
				CLANG_WARN_IMPLICIT_SIGN_CONVERSION = YES;
				CLANG_WARN_OBJC_IMPLICIT_ATOMIC_PROPERTIES = YES;
				CLANG_WARN_OBJC_IMPLICIT_RETAIN_SELF = YES;
				CLANG_WARN_OBJC_REPEATED_USE_OF_WEAK = YES;
				CLANG_WARN_SUSPICIOUS_IMPLICIT_CONVERSION = YES;
				COMBINE_HIDPI_IMAGES = YES;
				GCC_PRECOMPILE_PREFIX_HEADER = YES;
				GCC_PREFIX_HEADER = "GNESectionedTableView/GNESectionedTableView-Prefix.pch";
				GCC_TREAT_INCOMPATIBLE_POINTER_TYPE_WARNINGS_AS_ERRORS = YES;
				GCC_WARN_ABOUT_MISSING_FIELD_INITIALIZERS = YES;
				GCC_WARN_ABOUT_MISSING_NEWLINE = YES;
				GCC_WARN_FOUR_CHARACTER_CONSTANTS = YES;
				GCC_WARN_INITIALIZER_NOT_FULLY_BRACKETED = YES;
				GCC_WARN_MULTIPLE_DEFINITION_TYPES_FOR_SELECTOR = YES;
				GCC_WARN_SHADOW = YES;
				GCC_WARN_SIGN_COMPARE = YES;
				GCC_WARN_STRICT_SELECTOR_MATCH = YES;
				GCC_WARN_UNKNOWN_PRAGMAS = YES;
				GCC_WARN_UNUSED_PARAMETER = YES;
				INFOPLIST_FILE = "GNESectionedTableView/GNESectionedTableView-Info.plist";
				PRODUCT_NAME = "$(TARGET_NAME)";
				WRAPPER_EXTENSION = app;
			};
			name = Debug;
		};
		578E75A81934B69E00333D86 /* Release */ = {
			isa = XCBuildConfiguration;
			buildSettings = {
				ASSETCATALOG_COMPILER_APPICON_NAME = AppIcon;
				CLANG_WARN_DEPRECATED_OBJC_IMPLEMENTATIONS = YES;
				CLANG_WARN_IMPLICIT_SIGN_CONVERSION = YES;
				CLANG_WARN_OBJC_IMPLICIT_ATOMIC_PROPERTIES = YES;
				CLANG_WARN_OBJC_IMPLICIT_RETAIN_SELF = YES;
				CLANG_WARN_OBJC_REPEATED_USE_OF_WEAK = YES;
				CLANG_WARN_SUSPICIOUS_IMPLICIT_CONVERSION = YES;
				COMBINE_HIDPI_IMAGES = YES;
				GCC_PRECOMPILE_PREFIX_HEADER = YES;
				GCC_PREFIX_HEADER = "GNESectionedTableView/GNESectionedTableView-Prefix.pch";
				GCC_TREAT_INCOMPATIBLE_POINTER_TYPE_WARNINGS_AS_ERRORS = YES;
				GCC_WARN_ABOUT_MISSING_FIELD_INITIALIZERS = YES;
				GCC_WARN_ABOUT_MISSING_NEWLINE = YES;
				GCC_WARN_FOUR_CHARACTER_CONSTANTS = YES;
				GCC_WARN_INITIALIZER_NOT_FULLY_BRACKETED = YES;
				GCC_WARN_MULTIPLE_DEFINITION_TYPES_FOR_SELECTOR = YES;
				GCC_WARN_SHADOW = YES;
				GCC_WARN_SIGN_COMPARE = YES;
				GCC_WARN_STRICT_SELECTOR_MATCH = YES;
				GCC_WARN_UNKNOWN_PRAGMAS = YES;
				GCC_WARN_UNUSED_PARAMETER = YES;
				INFOPLIST_FILE = "GNESectionedTableView/GNESectionedTableView-Info.plist";
				PRODUCT_NAME = "$(TARGET_NAME)";
				WRAPPER_EXTENSION = app;
			};
			name = Release;
		};
		578E75AA1934B69E00333D86 /* Debug */ = {
			isa = XCBuildConfiguration;
			buildSettings = {
				BUNDLE_LOADER = "$(BUILT_PRODUCTS_DIR)/GNESectionedTableView.app/Contents/MacOS/GNESectionedTableView";
				COMBINE_HIDPI_IMAGES = YES;
				FRAMEWORK_SEARCH_PATHS = (
					"$(DEVELOPER_FRAMEWORKS_DIR)",
					"$(inherited)",
				);
				GCC_PRECOMPILE_PREFIX_HEADER = YES;
				GCC_PREFIX_HEADER = "GNESectionedTableView/GNESectionedTableView-Prefix.pch";
				GCC_PREPROCESSOR_DEFINITIONS = (
					"DEBUG=1",
					"$(inherited)",
				);
				INFOPLIST_FILE = "GNESectionedTableViewTests/GNESectionedTableViewTests-Info.plist";
				PRODUCT_NAME = "$(TARGET_NAME)";
				TEST_HOST = "$(BUNDLE_LOADER)";
				WRAPPER_EXTENSION = xctest;
			};
			name = Debug;
		};
		578E75AB1934B69E00333D86 /* Release */ = {
			isa = XCBuildConfiguration;
			buildSettings = {
				BUNDLE_LOADER = "$(BUILT_PRODUCTS_DIR)/GNESectionedTableView.app/Contents/MacOS/GNESectionedTableView";
				COMBINE_HIDPI_IMAGES = YES;
				FRAMEWORK_SEARCH_PATHS = (
					"$(DEVELOPER_FRAMEWORKS_DIR)",
					"$(inherited)",
				);
				GCC_PRECOMPILE_PREFIX_HEADER = YES;
				GCC_PREFIX_HEADER = "GNESectionedTableView/GNESectionedTableView-Prefix.pch";
				INFOPLIST_FILE = "GNESectionedTableViewTests/GNESectionedTableViewTests-Info.plist";
				PRODUCT_NAME = "$(TARGET_NAME)";
				TEST_HOST = "$(BUNDLE_LOADER)";
				WRAPPER_EXTENSION = xctest;
			};
			name = Release;
		};
/* End XCBuildConfiguration section */

/* Begin XCConfigurationList section */
		578E75701934B69E00333D86 /* Build configuration list for PBXProject "GNESectionedTableView" */ = {
			isa = XCConfigurationList;
			buildConfigurations = (
				578E75A41934B69E00333D86 /* Debug */,
				578E75A51934B69E00333D86 /* Release */,
			);
			defaultConfigurationIsVisible = 0;
			defaultConfigurationName = Release;
		};
		578E75A61934B69E00333D86 /* Build configuration list for PBXNativeTarget "GNESectionedTableView" */ = {
			isa = XCConfigurationList;
			buildConfigurations = (
				578E75A71934B69E00333D86 /* Debug */,
				578E75A81934B69E00333D86 /* Release */,
			);
			defaultConfigurationIsVisible = 0;
			defaultConfigurationName = Release;
		};
		578E75A91934B69E00333D86 /* Build configuration list for PBXNativeTarget "GNESectionedTableViewTests" */ = {
			isa = XCConfigurationList;
			buildConfigurations = (
				578E75AA1934B69E00333D86 /* Debug */,
				578E75AB1934B69E00333D86 /* Release */,
			);
			defaultConfigurationIsVisible = 0;
			defaultConfigurationName = Release;
		};
/* End XCConfigurationList section */
	};
	rootObject = 578E756D1934B69E00333D86 /* Project object */;
}
